
Microsoft Visual Studio Solution File, Format Version 12.00
# Visual Studio Version 17
VisualStudioVersion = 17.5.002.0
MinimumVisualStudioVersion = 10.0.40219.1
Project("{9A19103F-16F7-4668-BE54-9A1E7A4F7556}") = "learningApp", "learningApp.csproj", "{9E554361-D8F7-4382-9972-CCD2DEFA3582}"
EndProject
Global
	GlobalSection(SolutionConfigurationPlatforms) = preSolution
		Debug|Any CPU = Debug|Any CPU
		Release|Any CPU = Release|Any CPU
	EndGlobalSection
	GlobalSection(ProjectConfigurationPlatforms) = postSolution
		{9E554361-D8F7-4382-9972-CCD2DEFA3582}.Debug|Any CPU.ActiveCfg = Debug|Any CPU
		{9E554361-D8F7-4382-9972-CCD2DEFA3582}.Debug|Any CPU.Build.0 = Debug|Any CPU
		{9E554361-D8F7-4382-9972-CCD2DEFA3582}.Release|Any CPU.ActiveCfg = Release|Any CPU
		{9E554361-D8F7-4382-9972-CCD2DEFA3582}.Release|Any CPU.Build.0 = Release|Any CPU
	EndGlobalSection
	GlobalSection(SolutionProperties) = preSolution
		HideSolutionNode = FALSE
	EndGlobalSection
	GlobalSection(ExtensibilityGlobals) = postSolution
		SolutionGuid = {2B25F59A-5B81-4EE7-85A7-8FA15B9FD27C}
	EndGlobalSection
EndGlobal
